# This file is generated by running "yarn install" inside your project.
# Manual changes might be lost - proceed with caution!

__metadata:
  version: 8
  cacheKey: 10

"@rescript/darwin-arm64@npm:12.0.0-beta.3":
  version: 12.0.0-beta.3
  resolution: "@rescript/darwin-arm64@npm:12.0.0-beta.3"
  conditions: os=darwin & cpu=arm64
  languageName: node
  linkType: hard

"@rescript/darwin-x64@npm:12.0.0-beta.3":
  version: 12.0.0-beta.3
  resolution: "@rescript/darwin-x64@npm:12.0.0-beta.3"
  conditions: os=darwin & cpu=x64
  languageName: node
  linkType: hard

"@rescript/linux-arm64@npm:12.0.0-beta.3":
  version: 12.0.0-beta.3
  resolution: "@rescript/linux-arm64@npm:12.0.0-beta.3"
  conditions: os=linux & cpu=arm64
  languageName: node
  linkType: hard

"@rescript/linux-x64@npm:12.0.0-beta.3":
  version: 12.0.0-beta.3
  resolution: "@rescript/linux-x64@npm:12.0.0-beta.3"
  conditions: os=linux & cpu=x64
  languageName: node
  linkType: hard

"@rescript/win32-x64@npm:12.0.0-beta.3":
  version: 12.0.0-beta.3
  resolution: "@rescript/win32-x64@npm:12.0.0-beta.3"
  conditions: os=win32 & cpu=x64
  languageName: node
  linkType: hard

"rescript-nodejs@npm:^16.1.0":
  version: 16.1.0
  resolution: "rescript-nodejs@npm:16.1.0"
  checksum: 10/1470b330f30616e0ec98da41cb36af2b9d009b2f8a93374d1c19687fa0c48cc7fe8ae5d40f5374c0f48098ac38751e60b4e62ba3d89a1b48d216d64fe129c898
  languageName: node
  linkType: hard

"rescript@npm:^12.0.0-beta.3":
  version: 12.0.0-beta.3
  resolution: "rescript@npm:12.0.0-beta.3"
  dependencies:
    "@rescript/darwin-arm64": "npm:12.0.0-beta.3"
    "@rescript/darwin-x64": "npm:12.0.0-beta.3"
    "@rescript/linux-arm64": "npm:12.0.0-beta.3"
    "@rescript/linux-x64": "npm:12.0.0-beta.3"
    "@rescript/win32-x64": "npm:12.0.0-beta.3"
  dependenciesMeta:
    "@rescript/darwin-arm64":
      optional: true
    "@rescript/darwin-x64":
      optional: true
    "@rescript/linux-arm64":
      optional: true
    "@rescript/linux-x64":
      optional: true
    "@rescript/win32-x64":
      optional: true
  bin:
    bsc: cli/bsc.js
    bstracing: cli/bstracing.js
    rescript: cli/rescript.js
    rescript-legacy: cli/rescript-legacy.js
    rescript-tools: cli/rescript-tools.js
  checksum: 10/7e1b513978c898453d45f16927f00038bef75b2256c3e74051561cb9cd021677a6bbb57eb381a41abc3a597beef70bd686fdc3c58ff6b52c00511484ed217835
  languageName: node
  linkType: hard

"sample-v12-app@workspace:.":
  version: 0.0.0-use.local
  resolution: "sample-v12-app@workspace:."
  dependencies:
    rescript: "npm:^12.0.0-beta.3"
  languageName: unknown
  linkType: soft

"sample-v12-dep1@workspace:packages/sample-v12-dep1":
  version: 0.0.0-use.local
  resolution: "sample-v12-dep1@workspace:packages/sample-v12-dep1"
  dependencies:
    rescript: "npm:^12.0.0-beta.3"
    rescript-nodejs: "npm:^16.1.0"
  languageName: unknown
  linkType: soft
